
Microsoft Visual Studio Solution File, Format Version 12.00
# Visual Studio Version 16
VisualStudioVersion = 16.0.31129.286
MinimumVisualStudioVersion = 10.0.40219.1
Project("{FAE04EC0-301F-11D3-BF4B-00C04F79EFBC}") = "Exquisite.BusinessLogic", "Exquisite.BusinessLogic\Exquisite.BusinessLogic.csproj", "{CC2AE7C1-1B1A-46AD-A620-52E9632127F2}"
EndProject
Project("{9A19103F-16F7-4668-BE54-9A1E7A4F7556}") = "Exquisite.Api", "Exquisite.Api\Exquisite.Api.csproj", "{65835373-F2AA-4EA4-B039-257C1F9E8497}"
EndProject
Global
	GlobalSection(SolutionConfigurationPlatforms) = preSolution
		Debug|Any CPU = Debug|Any CPU
		Release|Any CPU = Release|Any CPU
	EndGlobalSection
	GlobalSection(ProjectConfigurationPlatforms) = postSolution
		{CC2AE7C1-1B1A-46AD-A620-52E9632127F2}.Debug|Any CPU.ActiveCfg = Debug|Any CPU
		{CC2AE7C1-1B1A-46AD-A620-52E9632127F2}.Debug|Any CPU.Build.0 = Debug|Any CPU
		{CC2AE7C1-1B1A-46AD-A620-52E9632127F2}.Release|Any CPU.ActiveCfg = Release|Any CPU
		{CC2AE7C1-1B1A-46AD-A620-52E9632127F2}.Release|Any CPU.Build.0 = Release|Any CPU
		{65835373-F2AA-4EA4-B039-257C1F9E8497}.Debug|Any CPU.ActiveCfg = Debug|Any CPU
		{65835373-F2AA-4EA4-B039-257C1F9E8497}.Debug|Any CPU.Build.0 = Debug|Any CPU
		{65835373-F2AA-4EA4-B039-257C1F9E8497}.Release|Any CPU.ActiveCfg = Release|Any CPU
		{65835373-F2AA-4EA4-B039-257C1F9E8497}.Release|Any CPU.Build.0 = Release|Any CPU
	EndGlobalSection
	GlobalSection(SolutionProperties) = preSolution
		HideSolutionNode = FALSE
	EndGlobalSection
	GlobalSection(ExtensibilityGlobals) = postSolution
		SolutionGuid = {DDF8D51D-8C4E-46EF-9550-F0184CAC8CC6}
	EndGlobalSection
EndGlobal
